
Microsoft Visual Studio Solution File, Format Version 12.00
# Visual Studio Version 17
VisualStudioVersion = 17.4.33213.308
MinimumVisualStudioVersion = 10.0.40219.1
Project("{FAE04EC0-301F-11D3-BF4B-00C04F79EFBC}") = "myform1", "myform1.csproj", "{9400E845-982A-4B67-8436-F11DAA15C38A}"
EndProject
Project("{9A19103F-16F7-4668-BE54-9A1E7A4F7556}") = "Braille", "..\Braille\Braille.csproj", "{F859F25E-5F82-4BE0-93F9-974CCF4BC1E6}"
EndProject
Global
	GlobalSection(SolutionConfigurationPlatforms) = preSolution
		Debug|Any CPU = Debug|Any CPU
		Release|Any CPU = Release|Any CPU
	EndGlobalSection
	GlobalSection(ProjectConfigurationPlatforms) = postSolution
		{9400E845-982A-4B67-8436-F11DAA15C38A}.Debug|Any CPU.ActiveCfg = Debug|Any CPU
		{9400E845-982A-4B67-8436-F11DAA15C38A}.Debug|Any CPU.Build.0 = Debug|Any CPU
		{9400E845-982A-4B67-8436-F11DAA15C38A}.Release|Any CPU.ActiveCfg = Release|Any CPU
		{9400E845-982A-4B67-8436-F11DAA15C38A}.Release|Any CPU.Build.0 = Release|Any CPU
		{F859F25E-5F82-4BE0-93F9-974CCF4BC1E6}.Debug|Any CPU.ActiveCfg = Debug|Any CPU
		{F859F25E-5F82-4BE0-93F9-974CCF4BC1E6}.Debug|Any CPU.Build.0 = Debug|Any CPU
		{F859F25E-5F82-4BE0-93F9-974CCF4BC1E6}.Release|Any CPU.ActiveCfg = Release|Any CPU
		{F859F25E-5F82-4BE0-93F9-974CCF4BC1E6}.Release|Any CPU.Build.0 = Release|Any CPU
	EndGlobalSection
	GlobalSection(SolutionProperties) = preSolution
		HideSolutionNode = FALSE
	EndGlobalSection
	GlobalSection(ExtensibilityGlobals) = postSolution
		SolutionGuid = {A1CF76D2-1CB9-400C-ACC5-0A2139361DFC}
	EndGlobalSection
EndGlobal
